
Microsoft Visual Studio Solution File, Format Version 12.00
# Visual Studio Version 16
VisualStudioVersion = 16.0.30611.23
MinimumVisualStudioVersion = 10.0.40219.1
Project("{9A19103F-16F7-4668-BE54-9A1E7A4F7556}") = "SimpleTCPServer", "SimpleTCPServer\SimpleTCPServer.csproj", "{C948BCDF-0BB9-4D2C-A235-8E529DB556DD}"
EndProject
Project("{FAE04EC0-301F-11D3-BF4B-00C04F79EFBC}") = "AsynchServer", "AsynchServer\AsynchServer.csproj", "{8F6C2583-F33E-494F-AE7A-02BCE87716C7}"
EndProject
Global
	GlobalSection(SolutionConfigurationPlatforms) = preSolution
		Debug|Any CPU = Debug|Any CPU
		Release|Any CPU = Release|Any CPU
	EndGlobalSection
	GlobalSection(ProjectConfigurationPlatforms) = postSolution
		{C948BCDF-0BB9-4D2C-A235-8E529DB556DD}.Debug|Any CPU.ActiveCfg = Debug|Any CPU
		{C948BCDF-0BB9-4D2C-A235-8E529DB556DD}.Debug|Any CPU.Build.0 = Debug|Any CPU
		{C948BCDF-0BB9-4D2C-A235-8E529DB556DD}.Release|Any CPU.ActiveCfg = Release|Any CPU
		{C948BCDF-0BB9-4D2C-A235-8E529DB556DD}.Release|Any CPU.Build.0 = Release|Any CPU
		{8F6C2583-F33E-494F-AE7A-02BCE87716C7}.Debug|Any CPU.ActiveCfg = Debug|Any CPU
		{8F6C2583-F33E-494F-AE7A-02BCE87716C7}.Debug|Any CPU.Build.0 = Debug|Any CPU
		{8F6C2583-F33E-494F-AE7A-02BCE87716C7}.Release|Any CPU.ActiveCfg = Release|Any CPU
		{8F6C2583-F33E-494F-AE7A-02BCE87716C7}.Release|Any CPU.Build.0 = Release|Any CPU
	EndGlobalSection
	GlobalSection(SolutionProperties) = preSolution
		HideSolutionNode = FALSE
	EndGlobalSection
	GlobalSection(ExtensibilityGlobals) = postSolution
		SolutionGuid = {4EC183D0-7C4D-4352-824F-77787051BFB4}
	EndGlobalSection
EndGlobal
